<Solution>
  <Folder Name="/k8s/">
    <File Path="k8s/KUBERNETES.md" />
    <File Path="k8s/namespace.yaml" />
    <File Path="k8s/secrets.yaml" />
  </Folder>
  <Folder Name="/k8s/keycloak/">
    <File Path="k8s/keycloak/deployment.yaml" />
    <File Path="k8s/keycloak/service.yaml" />
    <File Path="k8s/keycloak/setup-job.yaml" />
  </Folder>
  <Folder Name="/k8s/frontend/">
    <File Path="k8s/frontend/deployment.yaml" />
    <File Path="k8s/frontend/service.yaml" />
  </Folder>
  <Folder Name="/k8s/nginx/">
    <File Path="k8s/nginx/configmap.yaml" />
    <File Path="k8s/nginx/deployment.yaml" />
    <File Path="k8s/nginx/service.yaml" />
  </Folder>
  <Folder Name="/k8s/postgres/">
    <File Path="k8s/postgres/deployment.yaml" />
    <File Path="k8s/postgres/service.yaml" />
  </Folder>
  <Folder Name="/k8s/seq/">
    <File Path="k8s/seq/deployment.yaml" />
    <File Path="k8s/seq/service.yaml" />
  </Folder>
  <Folder Name="/k8s/sqlserver/">
    <File Path="k8s/sqlserver/deployment.yaml" />
    <File Path="k8s/sqlserver/service.yaml" />
  </Folder>
  <Folder Name="/k8s/rabbitmq/">
    <File Path="k8s/rabbitmq/deployment.yaml" />
    <File Path="k8s/rabbitmq/service.yaml" />
  </Folder>
  <Folder Name="/k8s/webapi/">
    <File Path="k8s/webapi/deployment.yaml" />
    <File Path="k8s/webapi/service.yaml" />
  </Folder>
  <Folder Name="/nginx/">
    <File Path="nginx/nginx.conf" />
  </Folder>
  <Folder Name="/orderpay-web/">
    <File Path="orderpay-web/CLAUDE.md" />
    <File Path="orderpay-web/Dockerfile" />
    <File Path="orderpay-web/package.json" />
    <File Path="orderpay-web/tsconfig.json" />
    <File Path="orderpay-web/eslint.config.mjs" />
  </Folder>
  <Folder Name="/orderpay-web/src/">
    <File Path="orderpay-web/src/proxy.ts" />
    <File Path="orderpay-web/src/lib/auth.ts" />
    <File Path="orderpay-web/src/lib/providers.tsx" />
    <File Path="orderpay-web/src/lib/registry.tsx" />
    <File Path="orderpay-web/src/styles/theme.ts" />
    <File Path="orderpay-web/src/styles/GlobalStyle.ts" />
    <File Path="orderpay-web/src/styles/styled.d.ts" />
    <File Path="orderpay-web/src/services/api.ts" />
    <File Path="orderpay-web/src/services/customers.ts" />
    <File Path="orderpay-web/src/services/products.ts" />
    <File Path="orderpay-web/src/services/orders.ts" />
    <File Path="orderpay-web/src/store/index.ts" />
    <File Path="orderpay-web/src/store/uiSlice.ts" />
    <File Path="orderpay-web/src/store/cartSlice.ts" />
    <File Path="orderpay-web/src/types/next-auth.d.ts" />
    <File Path="orderpay-web/src/types/customer.ts" />
    <File Path="orderpay-web/src/types/product.ts" />
    <File Path="orderpay-web/src/types/order.ts" />
    <File Path="orderpay-web/src/app/layout.tsx" />
    <File Path="orderpay-web/src/app/page.tsx" />
    <File Path="orderpay-web/src/hooks/useRole.ts" />
    <File Path="orderpay-web/src/components/ui/AdminOnly.tsx" />
    <File Path="orderpay-web/src/components/ui/Button.tsx" />
    <File Path="orderpay-web/src/components/ui/Spinner.tsx" />
    <File Path="orderpay-web/src/components/ui/Input.tsx" />
    <File Path="orderpay-web/src/components/ui/Badge.tsx" />
    <File Path="orderpay-web/src/components/ui/Card.tsx" />
    <File Path="orderpay-web/src/components/ui/Table.tsx" />
    <File Path="orderpay-web/src/components/ui/Modal.tsx" />
    <File Path="orderpay-web/src/components/layout/AppShell.tsx" />
    <File Path="orderpay-web/src/components/layout/Sidebar.tsx" />
    <File Path="orderpay-web/src/components/layout/Header.tsx" />
    <File Path="orderpay-web/src/app/(protected)/layout.tsx" />
    <File Path="orderpay-web/src/app/(protected)/dashboard/page.tsx" />
    <File Path="orderpay-web/src/app/(protected)/customers/page.tsx" />
    <File Path="orderpay-web/src/app/(protected)/products/page.tsx" />
    <File Path="orderpay-web/src/app/(protected)/orders/page.tsx" />
    <File Path="orderpay-web/src/components/ui/Select.tsx" />
    <File Path="orderpay-web/src/components/ui/ConfirmDeleteModal.tsx" />
    <File Path="orderpay-web/src/components/ModalManager.tsx" />
    <File Path="orderpay-web/src/features/customers/CustomerFormModal.tsx" />
    <File Path="orderpay-web/src/features/products/ProductFormModal.tsx" />
    <File Path="orderpay-web/src/features/orders/CreateOrderModal.tsx" />
    <File Path="orderpay-web/src/features/orders/UpdateStatusModal.tsx" />
    <File Path="orderpay-web/src/components/ui/ErrorBoundary.tsx" />
    <File Path="orderpay-web/src/components/ui/TableSkeleton.tsx" />
    <File Path="orderpay-web/src/components/ui/EmptyState.tsx" />
    <File Path="orderpay-web/src/app/(auth)/login/page.tsx" />
    <File Path="orderpay-web/src/app/api/auth/[...nextauth]/route.ts" />
    <File Path="orderpay-web/src/services/payments.ts" />
    <File Path="orderpay-web/src/types/payment.ts" />
    <File Path="orderpay-web/src/features/orders/EditOrderModal.tsx" />
    <File Path="orderpay-web/src/features/payments/PayOrderModal.tsx" />
    <File Path="orderpay-web/src/test/test-utils.tsx" />
  </Folder>
  <Folder Name="/keycloak/">
    <File Path="keycloak/realm-export.json" />
    <File Path="keycloak/setup.sh" />
  </Folder>
  <Folder Name="/.github/" />
  <Folder Name="/.github/workflows/">
    <File Path=".github/workflows/ci.yml" />
    <File Path=".github/workflows/cd.yml" />
  </Folder>
  <Folder Name="/Solution Items/">
    <File Path=".editorconfig" />
    <File Path="Directory.Build.props" />
    <File Path=".env" />
    <File Path="README.md" />
    <File Path="CLAUDE.md" />
    <File Path="DEVOPS_COMMANDS.md" />
    <File Path="DOCKER.md" />
    <File Path="KUBERNETES.md" />
    <File Path="docker-compose.yml" />
    <File Path="docker-compose.e2e.yml" />
    <File Path="Dockerfile" />
    <File Path="entrypoint.sh" />
    <File Path=".env.example" />
  </Folder>
  <Folder Name="/src/" />
  <Folder Name="/src/Apps/">
    <File Path="src/Apps/DevIO.OrderPay.Core/CLAUDE.md" />
    <File Path="src/Apps/DevIO.OrderPay.Infra/CLAUDE.md" />
    <File Path="src/Apps/DevIO.OrderPay.SharedKernel/CLAUDE.md" />
    <File Path="src/Apps/DevIO.OrderPay.WebApi/CLAUDE.md" />
    <Project Path="src/Apps/DevIO.OrderPay.Core/DevIO.OrderPay.Core.csproj" Id="84e071c9-85c8-43b9-bd54-2d41e1ddb0ae" />
    <Project Path="src/Apps/DevIO.OrderPay.Infra/DevIO.OrderPay.Infra.csproj" Id="d138f548-6135-4f58-ad96-5cef6b833761" />
    <Project Path="src/Apps/DevIO.OrderPay.SharedKernel/DevIO.OrderPay.SharedKernel.csproj" Id="e3c0e3e6-21b4-4576-b05a-9c05158aa027" />
    <Project Path="src/Apps/DevIO.OrderPay.WebApi/DevIO.OrderPay.WebApi.csproj" />
  </Folder>
  <Folder Name="/src/Contexts/" />
  <Folder Name="/src/Contexts/Customer/">
    <File Path="src/Contexts/DevIO.OrderPay.Customer/CLAUDE.md" />
    <File Path="src/Contexts/DevIO.OrderPay.Customer.Application/CLAUDE.md" />
    <Project Path="src/Contexts/DevIO.OrderPay.Customer.Application/DevIO.OrderPay.Customer.Application.csproj" Id="6bcc451e-d6ab-410c-a674-f09ef682123e" />
    <Project Path="src/Contexts/DevIO.OrderPay.Customer/DevIO.OrderPay.Customer.csproj" />
  </Folder>
  <Folder Name="/src/Contexts/Order/">
    <File Path="src/Contexts/DevIO.OrderPay.Order/CLAUDE.md" />
    <File Path="src/Contexts/DevIO.OrderPay.Order.Application/CLAUDE.md" />
    <Project Path="src/Contexts/DevIO.OrderPay.Order.Application/DevIO.OrderPay.Order.Application.csproj" Id="873c46f6-9508-4ecb-9862-c07c9e3bcb08" />
    <Project Path="src/Contexts/DevIO.OrderPay.Order/DevIO.OrderPay.Order.csproj" Id="1bcce006-89d7-4c6c-b877-cdb435d68346" />
  </Folder>
  <Folder Name="/src/Contexts/Payment/">
    <File Path="src/Contexts/DevIO.OrderPay.Payment/CLAUDE.md" />
    <File Path="src/Contexts/DevIO.OrderPay.Payment.Application/CLAUDE.md" />
    <Project Path="src/Contexts/DevIO.OrderPay.Payment.Application/DevIO.OrderPay.Payment.Application.csproj" Id="8fdc937e-c41e-4343-9f30-a53b4beddd7e" />
    <Project Path="src/Contexts/DevIO.OrderPay.Payment/DevIO.OrderPay.Payment.csproj" Id="dac1a857-7277-414b-af15-739d146ba3a0" />
  </Folder>
  <Folder Name="/tests/">
    <Project Path="tests/DevIO.OrderPay.Tests/DevIO.OrderPay.Tests.csproj" Id="5294e2f1-a803-4ff7-9352-b567985709ae" />
  </Folder>
  <Folder Name="/tests/docs/">
    <File Path="tests/docs/TESTING.md" />
  </Folder>
  <Folder Name="/tests/e2e/">
    <File Path="tests/e2e/README.md" />
    <File Path="tests/e2e/playwright.config.ts" />
    <File Path="tests/e2e/package.json" />
    <File Path="tests/e2e/specs/helpers.ts" />
    <File Path="tests/e2e/specs/auth.setup.ts" />
    <File Path="tests/e2e/specs/auth.spec.ts" />
    <File Path="tests/e2e/specs/customers.spec.ts" />
    <File Path="tests/e2e/specs/products.spec.ts" />
    <File Path="tests/e2e/specs/orders.spec.ts" />
    <File Path="tests/e2e/specs/payments.spec.ts" />
  </Folder>
  <ItemGroup>
    <Watch Remove="**/bin/**" />
    <Watch Remove="**/obj/**" />
  </ItemGroup>
  <Project Path="docker-compose.dcproj">
    <Build Solution="Release|*" />
  </Project>
</Solution>
